
Microsoft Visual Studio Solution File, Format Version 12.00
# Visual Studio Version 16
VisualStudioVersion = 16.0.31313.79
MinimumVisualStudioVersion = 10.0.40219.1
Project("{FAE04EC0-301F-11D3-BF4B-00C04F79EFBC}") = "ToogleApi", "ToogleApi.csproj", "{A6056101-7480-458F-80F7-9286E7F0FD2B}"
EndProject
Project("{FAE04EC0-301F-11D3-BF4B-00C04F79EFBC}") = "CallApi", "..\CallApi\CallApi.csproj", "{CBAD2C35-0085-467F-A996-EF53A5143CDF}"
EndProject
Global
	GlobalSection(SolutionConfigurationPlatforms) = preSolution
		Debug|Any CPU = Debug|Any CPU
		Release|Any CPU = Release|Any CPU
	EndGlobalSection
	GlobalSection(ProjectConfigurationPlatforms) = postSolution
		{A6056101-7480-458F-80F7-9286E7F0FD2B}.Debug|Any CPU.ActiveCfg = Debug|Any CPU
		{A6056101-7480-458F-80F7-9286E7F0FD2B}.Debug|Any CPU.Build.0 = Debug|Any CPU
		{A6056101-7480-458F-80F7-9286E7F0FD2B}.Release|Any CPU.ActiveCfg = Release|Any CPU
		{A6056101-7480-458F-80F7-9286E7F0FD2B}.Release|Any CPU.Build.0 = Release|Any CPU
		{CBAD2C35-0085-467F-A996-EF53A5143CDF}.Debug|Any CPU.ActiveCfg = Debug|Any CPU
		{CBAD2C35-0085-467F-A996-EF53A5143CDF}.Debug|Any CPU.Build.0 = Debug|Any CPU
		{CBAD2C35-0085-467F-A996-EF53A5143CDF}.Release|Any CPU.ActiveCfg = Release|Any CPU
		{CBAD2C35-0085-467F-A996-EF53A5143CDF}.Release|Any CPU.Build.0 = Release|Any CPU
	EndGlobalSection
	GlobalSection(SolutionProperties) = preSolution
		HideSolutionNode = FALSE
	EndGlobalSection
	GlobalSection(ExtensibilityGlobals) = postSolution
		SolutionGuid = {D0D566E9-8EBA-474B-A7EE-7836E876F6EE}
	EndGlobalSection
EndGlobal
